
Microsoft Visual Studio Solution File, Format Version 12.00
# Visual Studio Version 17
VisualStudioVersion = 17.4.33213.308
MinimumVisualStudioVersion = 10.0.40219.1
Project("{FAE04EC0-301F-11D3-BF4B-00C04F79EFBC}") = "DJBreakTimer", "DJBreakTimer\DJBreakTimer.csproj", "{5CBE7A9B-FE4F-44FF-8528-DEFD0C09B11A}"
EndProject
Global
	GlobalSection(SolutionConfigurationPlatforms) = preSolution
		Debug|Any CPU = Debug|Any CPU
		Release|Any CPU = Release|Any CPU
	EndGlobalSection
	GlobalSection(ProjectConfigurationPlatforms) = postSolution
		{5CBE7A9B-FE4F-44FF-8528-DEFD0C09B11A}.Debug|Any CPU.ActiveCfg = Debug|Any CPU
		{5CBE7A9B-FE4F-44FF-8528-DEFD0C09B11A}.Debug|Any CPU.Build.0 = Debug|Any CPU
		{5CBE7A9B-FE4F-44FF-8528-DEFD0C09B11A}.Release|Any CPU.ActiveCfg = Release|Any CPU
		{5CBE7A9B-FE4F-44FF-8528-DEFD0C09B11A}.Release|Any CPU.Build.0 = Release|Any CPU
	EndGlobalSection
	GlobalSection(SolutionProperties) = preSolution
		HideSolutionNode = FALSE
	EndGlobalSection
	GlobalSection(ExtensibilityGlobals) = postSolution
		SolutionGuid = {4267FAC1-FF68-4D8A-912C-D506276B723C}
	EndGlobalSection
EndGlobal
