
Microsoft Visual Studio Solution File, Format Version 12.00
# Visual Studio Version 17
VisualStudioVersion = 17.4.33213.308
MinimumVisualStudioVersion = 10.0.40219.1
Project("{FAE04EC0-301F-11D3-BF4B-00C04F79EFBC}") = "LearningResourcesAPI", "LearningResourcesAPI\LearningResourcesAPI.csproj", "{FBBA577E-7CD2-437B-B3A6-586C0299DE43}"
EndProject
Global
	GlobalSection(SolutionConfigurationPlatforms) = preSolution
		Debug|Any CPU = Debug|Any CPU
		Release|Any CPU = Release|Any CPU
	EndGlobalSection
	GlobalSection(ProjectConfigurationPlatforms) = postSolution
		{FBBA577E-7CD2-437B-B3A6-586C0299DE43}.Debug|Any CPU.ActiveCfg = Debug|Any CPU
		{FBBA577E-7CD2-437B-B3A6-586C0299DE43}.Debug|Any CPU.Build.0 = Debug|Any CPU
		{FBBA577E-7CD2-437B-B3A6-586C0299DE43}.Release|Any CPU.ActiveCfg = Release|Any CPU
		{FBBA577E-7CD2-437B-B3A6-586C0299DE43}.Release|Any CPU.Build.0 = Release|Any CPU
	EndGlobalSection
	GlobalSection(SolutionProperties) = preSolution
		HideSolutionNode = FALSE
	EndGlobalSection
	GlobalSection(ExtensibilityGlobals) = postSolution
		SolutionGuid = {19F4C735-F6C6-41DE-BFFC-3551779C4A3D}
	EndGlobalSection
EndGlobal
